{
  "R": {
    "Version": "4.5.3",
    "Repositories": [
      {
        "Name": "CRAN",
        "URL": "https://packagemanager.posit.co/cran/__linux__/noble/latest"
      }
    ]
  },
  "Packages": {
    "renv": {
      "Package": "renv",
      "Version": "1.1.5",
      "Source": "Repository",
      "Repository": "RSPM"
    },
    "tinytest": {
      "Package": "tinytest",
      "Source": "Repository",
      "Repository": "RSPM"
    }
  }
}
